
Microsoft Visual Studio Solution File, Format Version 12.00
# Visual Studio Version 17
VisualStudioVersion = 17.12.35209.166
MinimumVisualStudioVersion = 10.0.40219.1
Project("{FAE04EC0-301F-11D3-BF4B-00C04F79EFBC}") = "schoolMangment", "schoolMangment\schoolMangment.csproj", "{F9BEAA77-966A-4267-8D8C-CD6350D80032}"
EndProject
Global
	GlobalSection(SolutionConfigurationPlatforms) = preSolution
		Debug|Any CPU = Debug|Any CPU
		Release|Any CPU = Release|Any CPU
	EndGlobalSection
	GlobalSection(ProjectConfigurationPlatforms) = postSolution
		{F9BEAA77-966A-4267-8D8C-CD6350D80032}.Debug|Any CPU.ActiveCfg = Debug|Any CPU
		{F9BEAA77-966A-4267-8D8C-CD6350D80032}.Debug|Any CPU.Build.0 = Debug|Any CPU
		{F9BEAA77-966A-4267-8D8C-CD6350D80032}.Release|Any CPU.ActiveCfg = Release|Any CPU
		{F9BEAA77-966A-4267-8D8C-CD6350D80032}.Release|Any CPU.Build.0 = Release|Any CPU
	EndGlobalSection
	GlobalSection(SolutionProperties) = preSolution
		HideSolutionNode = FALSE
	EndGlobalSection
	GlobalSection(ExtensibilityGlobals) = postSolution
		SolutionGuid = {A61D3535-DE23-485F-B37B-8CFB6E9EE728}
	EndGlobalSection
EndGlobal
